
Microsoft Visual Studio Solution File, Format Version 12.00
# Visual Studio Version 17
VisualStudioVersion = 17.1.32319.34
MinimumVisualStudioVersion = 10.0.40219.1
Project("{2150E333-8FDC-42A3-9474-1A3956D46DE8}") = "src", "src", "{EA834FE9-4A70-4743-A918-48AE4E1FC203}"
EndProject
Project("{2150E333-8FDC-42A3-9474-1A3956D46DE8}") = "Kodlama.io.Devs", "Kodlama.io.Devs", "{F88385DB-FAA3-4D38-8916-9313C87354D4}"
EndProject
Project("{2150E333-8FDC-42A3-9474-1A3956D46DE8}") = "corePackages", "corePackages", "{FD8ACD3C-C8E1-43BF-95E8-584E512170F5}"
EndProject
Project("{9A19103F-16F7-4668-BE54-9A1E7A4F7556}") = "Core.Application", "src\corePackages\Core.Application\Core.Application.csproj", "{99C87BE5-D2D2-4559-9400-7AE9F3E903C5}"
EndProject
Project("{9A19103F-16F7-4668-BE54-9A1E7A4F7556}") = "Core.CrossCuttingConcerns", "src\corePackages\Core.CrossCuttingConcers\Core.CrossCuttingConcerns.csproj", "{16AF88BD-7397-4654-95D7-C4842EF6083D}"
EndProject
Project("{9A19103F-16F7-4668-BE54-9A1E7A4F7556}") = "Core.ElasticSearch", "src\corePackages\Core.ElasticSearch\Core.ElasticSearch.csproj", "{154B4E35-3785-4144-B398-D75E38E95892}"
EndProject
Project("{9A19103F-16F7-4668-BE54-9A1E7A4F7556}") = "Core.Mailing", "src\corePackages\Core.Mailing\Core.Mailing.csproj", "{5BD33545-B7E3-486C-86D4-A3A4DB7A4A71}"
EndProject
Project("{9A19103F-16F7-4668-BE54-9A1E7A4F7556}") = "Core.Persistence", "src\corePackages\Core.Persistence\Core.Persistence.csproj", "{8F750B4E-4550-4D67-846F-BE3532938939}"
EndProject
Project("{9A19103F-16F7-4668-BE54-9A1E7A4F7556}") = "Core.Security", "src\corePackages\Core.Security\Core.Security.csproj", "{9BC2173F-0628-4C71-AD96-3BFFF98A64E9}"
EndProject
Project("{FAE04EC0-301F-11D3-BF4B-00C04F79EFBC}") = "WebAPI", "src\Kodlama.io.Devs\WebAPI\WebAPI.csproj", "{CAFA0010-4614-4DA3-AFB5-82FAA4306040}"
EndProject
Project("{FAE04EC0-301F-11D3-BF4B-00C04F79EFBC}") = "Domain", "src\Kodlama.io.Devs\Domain\Domain.csproj", "{5DCFE0EF-076E-44C9-B3F2-15BB56C2A84B}"
EndProject
Project("{FAE04EC0-301F-11D3-BF4B-00C04F79EFBC}") = "Application", "src\Kodlama.io.Devs\Application\Application.csproj", "{1AD8E354-91BE-43D7-BC78-6E4B12099B4E}"
EndProject
Project("{FAE04EC0-301F-11D3-BF4B-00C04F79EFBC}") = "Persistence", "src\Kodlama.io.Devs\Persistence\Persistence.csproj", "{CC35C03C-224B-4BE3-B7A3-13B95B5023A2}"
EndProject
Project("{FAE04EC0-301F-11D3-BF4B-00C04F79EFBC}") = "Infrastructure", "src\Kodlama.io.Devs\Infrastructure\Infrastructure.csproj", "{F3C76E94-DD89-490E-B415-AE091AE6D236}"
EndProject
Global
	GlobalSection(SolutionConfigurationPlatforms) = preSolution
		Debug|Any CPU = Debug|Any CPU
		Release|Any CPU = Release|Any CPU
	EndGlobalSection
	GlobalSection(ProjectConfigurationPlatforms) = postSolution
		{99C87BE5-D2D2-4559-9400-7AE9F3E903C5}.Debug|Any CPU.ActiveCfg = Debug|Any CPU
		{99C87BE5-D2D2-4559-9400-7AE9F3E903C5}.Debug|Any CPU.Build.0 = Debug|Any CPU
		{99C87BE5-D2D2-4559-9400-7AE9F3E903C5}.Release|Any CPU.ActiveCfg = Release|Any CPU
		{99C87BE5-D2D2-4559-9400-7AE9F3E903C5}.Release|Any CPU.Build.0 = Release|Any CPU
		{16AF88BD-7397-4654-95D7-C4842EF6083D}.Debug|Any CPU.ActiveCfg = Debug|Any CPU
		{16AF88BD-7397-4654-95D7-C4842EF6083D}.Debug|Any CPU.Build.0 = Debug|Any CPU
		{16AF88BD-7397-4654-95D7-C4842EF6083D}.Release|Any CPU.ActiveCfg = Release|Any CPU
		{16AF88BD-7397-4654-95D7-C4842EF6083D}.Release|Any CPU.Build.0 = Release|Any CPU
		{154B4E35-3785-4144-B398-D75E38E95892}.Debug|Any CPU.ActiveCfg = Debug|Any CPU
		{154B4E35-3785-4144-B398-D75E38E95892}.Debug|Any CPU.Build.0 = Debug|Any CPU
		{154B4E35-3785-4144-B398-D75E38E95892}.Release|Any CPU.ActiveCfg = Release|Any CPU
		{154B4E35-3785-4144-B398-D75E38E95892}.Release|Any CPU.Build.0 = Release|Any CPU
		{5BD33545-B7E3-486C-86D4-A3A4DB7A4A71}.Debug|Any CPU.ActiveCfg = Debug|Any CPU
		{5BD33545-B7E3-486C-86D4-A3A4DB7A4A71}.Debug|Any CPU.Build.0 = Debug|Any CPU
		{5BD33545-B7E3-486C-86D4-A3A4DB7A4A71}.Release|Any CPU.ActiveCfg = Release|Any CPU
		{5BD33545-B7E3-486C-86D4-A3A4DB7A4A71}.Release|Any CPU.Build.0 = Release|Any CPU
		{8F750B4E-4550-4D67-846F-BE3532938939}.Debug|Any CPU.ActiveCfg = Debug|Any CPU
		{8F750B4E-4550-4D67-846F-BE3532938939}.Debug|Any CPU.Build.0 = Debug|Any CPU
		{8F750B4E-4550-4D67-846F-BE3532938939}.Release|Any CPU.ActiveCfg = Release|Any CPU
		{8F750B4E-4550-4D67-846F-BE3532938939}.Release|Any CPU.Build.0 = Release|Any CPU
		{9BC2173F-0628-4C71-AD96-3BFFF98A64E9}.Debug|Any CPU.ActiveCfg = Debug|Any CPU
		{9BC2173F-0628-4C71-AD96-3BFFF98A64E9}.Debug|Any CPU.Build.0 = Debug|Any CPU
		{9BC2173F-0628-4C71-AD96-3BFFF98A64E9}.Release|Any CPU.ActiveCfg = Release|Any CPU
		{9BC2173F-0628-4C71-AD96-3BFFF98A64E9}.Release|Any CPU.Build.0 = Release|Any CPU
		{CAFA0010-4614-4DA3-AFB5-82FAA4306040}.Debug|Any CPU.ActiveCfg = Debug|Any CPU
		{CAFA0010-4614-4DA3-AFB5-82FAA4306040}.Debug|Any CPU.Build.0 = Debug|Any CPU
		{CAFA0010-4614-4DA3-AFB5-82FAA4306040}.Release|Any CPU.ActiveCfg = Release|Any CPU
		{CAFA0010-4614-4DA3-AFB5-82FAA4306040}.Release|Any CPU.Build.0 = Release|Any CPU
		{5DCFE0EF-076E-44C9-B3F2-15BB56C2A84B}.Debug|Any CPU.ActiveCfg = Debug|Any CPU
		{5DCFE0EF-076E-44C9-B3F2-15BB56C2A84B}.Debug|Any CPU.Build.0 = Debug|Any CPU
		{5DCFE0EF-076E-44C9-B3F2-15BB56C2A84B}.Release|Any CPU.ActiveCfg = Release|Any CPU
		{5DCFE0EF-076E-44C9-B3F2-15BB56C2A84B}.Release|Any CPU.Build.0 = Release|Any CPU
		{1AD8E354-91BE-43D7-BC78-6E4B12099B4E}.Debug|Any CPU.ActiveCfg = Debug|Any CPU
		{1AD8E354-91BE-43D7-BC78-6E4B12099B4E}.Debug|Any CPU.Build.0 = Debug|Any CPU
		{1AD8E354-91BE-43D7-BC78-6E4B12099B4E}.Release|Any CPU.ActiveCfg = Release|Any CPU
		{1AD8E354-91BE-43D7-BC78-6E4B12099B4E}.Release|Any CPU.Build.0 = Release|Any CPU
		{CC35C03C-224B-4BE3-B7A3-13B95B5023A2}.Debug|Any CPU.ActiveCfg = Debug|Any CPU
		{CC35C03C-224B-4BE3-B7A3-13B95B5023A2}.Debug|Any CPU.Build.0 = Debug|Any CPU
		{CC35C03C-224B-4BE3-B7A3-13B95B5023A2}.Release|Any CPU.ActiveCfg = Release|Any CPU
		{CC35C03C-224B-4BE3-B7A3-13B95B5023A2}.Release|Any CPU.Build.0 = Release|Any CPU
		{F3C76E94-DD89-490E-B415-AE091AE6D236}.Debug|Any CPU.ActiveCfg = Debug|Any CPU
		{F3C76E94-DD89-490E-B415-AE091AE6D236}.Debug|Any CPU.Build.0 = Debug|Any CPU
		{F3C76E94-DD89-490E-B415-AE091AE6D236}.Release|Any CPU.ActiveCfg = Release|Any CPU
		{F3C76E94-DD89-490E-B415-AE091AE6D236}.Release|Any CPU.Build.0 = Release|Any CPU
	EndGlobalSection
	GlobalSection(SolutionProperties) = preSolution
		HideSolutionNode = FALSE
	EndGlobalSection
	GlobalSection(NestedProjects) = preSolution
		{F88385DB-FAA3-4D38-8916-9313C87354D4} = {EA834FE9-4A70-4743-A918-48AE4E1FC203}
		{FD8ACD3C-C8E1-43BF-95E8-584E512170F5} = {EA834FE9-4A70-4743-A918-48AE4E1FC203}
		{99C87BE5-D2D2-4559-9400-7AE9F3E903C5} = {FD8ACD3C-C8E1-43BF-95E8-584E512170F5}
		{16AF88BD-7397-4654-95D7-C4842EF6083D} = {FD8ACD3C-C8E1-43BF-95E8-584E512170F5}
		{154B4E35-3785-4144-B398-D75E38E95892} = {FD8ACD3C-C8E1-43BF-95E8-584E512170F5}
		{5BD33545-B7E3-486C-86D4-A3A4DB7A4A71} = {FD8ACD3C-C8E1-43BF-95E8-584E512170F5}
		{8F750B4E-4550-4D67-846F-BE3532938939} = {FD8ACD3C-C8E1-43BF-95E8-584E512170F5}
		{9BC2173F-0628-4C71-AD96-3BFFF98A64E9} = {FD8ACD3C-C8E1-43BF-95E8-584E512170F5}
		{CAFA0010-4614-4DA3-AFB5-82FAA4306040} = {F88385DB-FAA3-4D38-8916-9313C87354D4}
		{5DCFE0EF-076E-44C9-B3F2-15BB56C2A84B} = {F88385DB-FAA3-4D38-8916-9313C87354D4}
		{1AD8E354-91BE-43D7-BC78-6E4B12099B4E} = {F88385DB-FAA3-4D38-8916-9313C87354D4}
		{CC35C03C-224B-4BE3-B7A3-13B95B5023A2} = {F88385DB-FAA3-4D38-8916-9313C87354D4}
		{F3C76E94-DD89-490E-B415-AE091AE6D236} = {F88385DB-FAA3-4D38-8916-9313C87354D4}
	EndGlobalSection
	GlobalSection(ExtensibilityGlobals) = postSolution
		SolutionGuid = {7E00E6AD-5C43-4DB3-94A5-726B3C29B093}
	EndGlobalSection
EndGlobal
